// !$*UTF8*$!
{
	archiveVersion = 1;
	classes = {
	};
	objectVersion = 46;
	objects = {

/* Begin PBXBuildFile section */
		54173BCD179BB5AF004604B6 /* Foundation.framework in Frameworks */ = {isa = PBXBuildFile; fileRef = 54173BCC179BB5AF004604B6 /* Foundation.framework */; };
		54173BE0179BB5CA004604B6 /* PVNetworking.m in Sources */ = {isa = PBXBuildFile; fileRef = 54173BDB179BB5CA004604B6 /* PVNetworking.m */; };
		54173BE1179BB5CA004604B6 /* PVCache.m in Sources */ = {isa = PBXBuildFile; fileRef = 54173BDD179BB5CA004604B6 /* PVCache.m */; };
		54173BE2179BB5CA004604B6 /* AVPlayer+PVNetworking.m in Sources */ = {isa = PBXBuildFile; fileRef = 54173BDF179BB5CA004604B6 /* AVPlayer+PVNetworking.m */; };
/* End PBXBuildFile section */

/* Begin PBXCopyFilesBuildPhase section */
		54173BC7179BB5AF004604B6 /* CopyFiles */ = {
			isa = PBXCopyFilesBuildPhase;
			buildActionMask = 2147483647;
			dstPath = "include/${PRODUCT_NAME}";
			dstSubfolderSpec = 16;
			files = (
			);
			runOnlyForDeploymentPostprocessing = 0;
		};
/* End PBXCopyFilesBuildPhase section */

/* Begin PBXFileReference section */
		54173BC9179BB5AF004604B6 /* libPVNetworking.a */ = {isa = PBXFileReference; explicitFileType = archive.ar; includeInIndex = 0; path = libPVNetworking.a; sourceTree = BUILT_PRODUCTS_DIR; };
		54173BCC179BB5AF004604B6 /* Foundation.framework */ = {isa = PBXFileReference; lastKnownFileType = wrapper.framework; name = Foundation.framework; path = System/Library/Frameworks/Foundation.framework; sourceTree = SDKROOT; };
		54173BD0179BB5AF004604B6 /* PVNetworking-Prefix.pch */ = {isa = PBXFileReference; lastKnownFileType = sourcecode.c.h; path = "PVNetworking-Prefix.pch"; sourceTree = "<group>"; };
		54173BDA179BB5CA004604B6 /* PVNetworking.h */ = {isa = PBXFileReference; fileEncoding = 4; lastKnownFileType = sourcecode.c.h; path = PVNetworking.h; sourceTree = "<group>"; };
		54173BDB179BB5CA004604B6 /* PVNetworking.m */ = {isa = PBXFileReference; fileEncoding = 4; lastKnownFileType = sourcecode.c.objc; path = PVNetworking.m; sourceTree = "<group>"; };
		54173BDC179BB5CA004604B6 /* PVCache.h */ = {isa = PBXFileReference; fileEncoding = 4; lastKnownFileType = sourcecode.c.h; path = PVCache.h; sourceTree = "<group>"; };
		54173BDD179BB5CA004604B6 /* PVCache.m */ = {isa = PBXFileReference; fileEncoding = 4; lastKnownFileType = sourcecode.c.objc; path = PVCache.m; sourceTree = "<group>"; };
		54173BDE179BB5CA004604B6 /* AVPlayer+PVNetworking.h */ = {isa = PBXFileReference; fileEncoding = 4; lastKnownFileType = sourcecode.c.h; path = "AVPlayer+PVNetworking.h"; sourceTree = "<group>"; };
		54173BDF179BB5CA004604B6 /* AVPlayer+PVNetworking.m */ = {isa = PBXFileReference; fileEncoding = 4; lastKnownFileType = sourcecode.c.objc; path = "AVPlayer+PVNetworking.m"; sourceTree = "<group>"; };
/* End PBXFileReference section */

/* Begin PBXFrameworksBuildPhase section */
		54173BC6179BB5AF004604B6 /* Frameworks */ = {
			isa = PBXFrameworksBuildPhase;
			buildActionMask = 2147483647;
			files = (
				54173BCD179BB5AF004604B6 /* Foundation.framework in Frameworks */,
			);
			runOnlyForDeploymentPostprocessing = 0;
		};
/* End PBXFrameworksBuildPhase section */

/* Begin PBXGroup section */
		54173BC0179BB5AF004604B6 = {
			isa = PBXGroup;
			children = (
				54173BCE179BB5AF004604B6 /* PVNetworking */,
				54173BCB179BB5AF004604B6 /* Frameworks */,
				54173BCA179BB5AF004604B6 /* Products */,
			);
			sourceTree = "<group>";
		};
		54173BCA179BB5AF004604B6 /* Products */ = {
			isa = PBXGroup;
			children = (
				54173BC9179BB5AF004604B6 /* libPVNetworking.a */,
			);
			name = Products;
			sourceTree = "<group>";
		};
		54173BCB179BB5AF004604B6 /* Frameworks */ = {
			isa = PBXGroup;
			children = (
				54173BCC179BB5AF004604B6 /* Foundation.framework */,
			);
			name = Frameworks;
			sourceTree = "<group>";
		};
		54173BCE179BB5AF004604B6 /* PVNetworking */ = {
			isa = PBXGroup;
			children = (
				54173BDA179BB5CA004604B6 /* PVNetworking.h */,
				54173BDB179BB5CA004604B6 /* PVNetworking.m */,
				54173BDC179BB5CA004604B6 /* PVCache.h */,
				54173BDD179BB5CA004604B6 /* PVCache.m */,
				54173BDE179BB5CA004604B6 /* AVPlayer+PVNetworking.h */,
				54173BDF179BB5CA004604B6 /* AVPlayer+PVNetworking.m */,
				54173BCF179BB5AF004604B6 /* Supporting Files */,
			);
			path = PVNetworking;
			sourceTree = "<group>";
		};
		54173BCF179BB5AF004604B6 /* Supporting Files */ = {
			isa = PBXGroup;
			children = (
				54173BD0179BB5AF004604B6 /* PVNetworking-Prefix.pch */,
			);
			name = "Supporting Files";
			sourceTree = "<group>";
		};
/* End PBXGroup section */

/* Begin PBXNativeTarget section */
		54173BC8179BB5AF004604B6 /* PVNetworking */ = {
			isa = PBXNativeTarget;
			buildConfigurationList = 54173BD7179BB5AF004604B6 /* Build configuration list for PBXNativeTarget "PVNetworking" */;
			buildPhases = (
				54173BC5179BB5AF004604B6 /* Sources */,
				54173BC6179BB5AF004604B6 /* Frameworks */,
				54173BC7179BB5AF004604B6 /* CopyFiles */,
			);
			buildRules = (
			);
			dependencies = (
			);
			name = PVNetworking;
			productName = PVNetworking;
			productReference = 54173BC9179BB5AF004604B6 /* libPVNetworking.a */;
			productType = "com.apple.product-type.library.static";
		};
/* End PBXNativeTarget section */

/* Begin PBXProject section */
		54173BC1179BB5AF004604B6 /* Project object */ = {
			isa = PBXProject;
			attributes = {
				LastUpgradeCheck = 0460;
				ORGANIZATIONNAME = Inndevers;
			};
			buildConfigurationList = 54173BC4179BB5AF004604B6 /* Build configuration list for PBXProject "PVNetworking" */;
			compatibilityVersion = "Xcode 3.2";
			developmentRegion = English;
			hasScannedForEncodings = 0;
			knownRegions = (
				en,
			);
			mainGroup = 54173BC0179BB5AF004604B6;
			productRefGroup = 54173BCA179BB5AF004604B6 /* Products */;
			projectDirPath = "";
			projectRoot = "";
			targets = (
				54173BC8179BB5AF004604B6 /* PVNetworking */,
			);
		};
/* End PBXProject section */

/* Begin PBXSourcesBuildPhase section */
		54173BC5179BB5AF004604B6 /* Sources */ = {
			isa = PBXSourcesBuildPhase;
			buildActionMask = 2147483647;
			files = (
				54173BE0179BB5CA004604B6 /* PVNetworking.m in Sources */,
				54173BE1179BB5CA004604B6 /* PVCache.m in Sources */,
				54173BE2179BB5CA004604B6 /* AVPlayer+PVNetworking.m in Sources */,
			);
			runOnlyForDeploymentPostprocessing = 0;
		};
/* End PBXSourcesBuildPhase section */

/* Begin XCBuildConfiguration section */
		54173BD5179BB5AF004604B6 /* Debug */ = {
			isa = XCBuildConfiguration;
			buildSettings = {
				ALWAYS_SEARCH_USER_PATHS = NO;
				CLANG_CXX_LANGUAGE_STANDARD = "gnu++0x";
				CLANG_CXX_LIBRARY = "libc++";
				CLANG_ENABLE_OBJC_ARC = YES;
				CLANG_WARN_CONSTANT_CONVERSION = YES;
				CLANG_WARN_EMPTY_BODY = YES;
				CLANG_WARN_ENUM_CONVERSION = YES;
				CLANG_WARN_INT_CONVERSION = YES;
				CLANG_WARN__DUPLICATE_METHOD_MATCH = YES;
				COPY_PHASE_STRIP = NO;
				GCC_C_LANGUAGE_STANDARD = gnu99;
				GCC_DYNAMIC_NO_PIC = NO;
				GCC_OPTIMIZATION_LEVEL = 0;
				GCC_PREPROCESSOR_DEFINITIONS = (
					"DEBUG=1",
					"$(inherited)",
				);
				GCC_SYMBOLS_PRIVATE_EXTERN = NO;
				GCC_WARN_ABOUT_RETURN_TYPE = YES;
				GCC_WARN_UNINITIALIZED_AUTOS = YES;
				GCC_WARN_UNUSED_VARIABLE = YES;
				IPHONEOS_DEPLOYMENT_TARGET = 6.1;
				ONLY_ACTIVE_ARCH = YES;
				SDKROOT = iphoneos;
			};
			name = Debug;
		};
		54173BD6179BB5AF004604B6 /* Release */ = {
			isa = XCBuildConfiguration;
			buildSettings = {
				ALWAYS_SEARCH_USER_PATHS = NO;
				CLANG_CXX_LANGUAGE_STANDARD = "gnu++0x";
				CLANG_CXX_LIBRARY = "libc++";
				CLANG_ENABLE_OBJC_ARC = YES;
				CLANG_WARN_CONSTANT_CONVERSION = YES;
				CLANG_WARN_EMPTY_BODY = YES;
				CLANG_WARN_ENUM_CONVERSION = YES;
				CLANG_WARN_INT_CONVERSION = YES;
				CLANG_WARN__DUPLICATE_METHOD_MATCH = YES;
				COPY_PHASE_STRIP = YES;
				GCC_C_LANGUAGE_STANDARD = gnu99;
				GCC_WARN_ABOUT_RETURN_TYPE = YES;
				GCC_WARN_UNINITIALIZED_AUTOS = YES;
				GCC_WARN_UNUSED_VARIABLE = YES;
				IPHONEOS_DEPLOYMENT_TARGET = 6.1;
				SDKROOT = iphoneos;
				VALIDATE_PRODUCT = YES;
			};
			name = Release;
		};
		54173BD8179BB5AF004604B6 /* Debug */ = {
			isa = XCBuildConfiguration;
			buildSettings = {
				DSTROOT = /tmp/PVNetworking.dst;
				GCC_PRECOMPILE_PREFIX_HEADER = YES;
				GCC_PREFIX_HEADER = "PVNetworking/PVNetworking-Prefix.pch";
				OTHER_LDFLAGS = "-ObjC";
				PRODUCT_NAME = "$(TARGET_NAME)";
				SKIP_INSTALL = YES;
			};
			name = Debug;
		};
		54173BD9179BB5AF004604B6 /* Release */ = {
			isa = XCBuildConfiguration;
			buildSettings = {
				DSTROOT = /tmp/PVNetworking.dst;
				GCC_PRECOMPILE_PREFIX_HEADER = YES;
				GCC_PREFIX_HEADER = "PVNetworking/PVNetworking-Prefix.pch";
				OTHER_LDFLAGS = "-ObjC";
				PRODUCT_NAME = "$(TARGET_NAME)";
				SKIP_INSTALL = YES;
			};
			name = Release;
		};
/* End XCBuildConfiguration section */

/* Begin XCConfigurationList section */
		54173BC4179BB5AF004604B6 /* Build configuration list for PBXProject "PVNetworking" */ = {
			isa = XCConfigurationList;
			buildConfigurations = (
				54173BD5179BB5AF004604B6 /* Debug */,
				54173BD6179BB5AF004604B6 /* Release */,
			);
			defaultConfigurationIsVisible = 0;
			defaultConfigurationName = Release;
		};
		54173BD7179BB5AF004604B6 /* Build configuration list for PBXNativeTarget "PVNetworking" */ = {
			isa = XCConfigurationList;
			buildConfigurations = (
				54173BD8179BB5AF004604B6 /* Debug */,
				54173BD9179BB5AF004604B6 /* Release */,
			);
			defaultConfigurationIsVisible = 0;
		};
/* End XCConfigurationList section */
	};
	rootObject = 54173BC1179BB5AF004604B6 /* Project object */;
}
